
Microsoft Visual Studio Solution File, Format Version 12.00
# Visual Studio Version 17
VisualStudioVersion = 17.7.34024.191
MinimumVisualStudioVersion = 10.0.40219.1
Project("{FAE04EC0-301F-11D3-BF4B-00C04F79EFBC}") = "Uppgift 3.2 inl", "Uppgift 3.2 inl\Uppgift 3.2 inl.csproj", "{3D210D35-1AF0-441B-B6EA-98C489D120D5}"
EndProject
Global
	GlobalSection(SolutionConfigurationPlatforms) = preSolution
		Debug|Any CPU = Debug|Any CPU
		Release|Any CPU = Release|Any CPU
	EndGlobalSection
	GlobalSection(ProjectConfigurationPlatforms) = postSolution
		{3D210D35-1AF0-441B-B6EA-98C489D120D5}.Debug|Any CPU.ActiveCfg = Debug|Any CPU
		{3D210D35-1AF0-441B-B6EA-98C489D120D5}.Debug|Any CPU.Build.0 = Debug|Any CPU
		{3D210D35-1AF0-441B-B6EA-98C489D120D5}.Release|Any CPU.ActiveCfg = Release|Any CPU
		{3D210D35-1AF0-441B-B6EA-98C489D120D5}.Release|Any CPU.Build.0 = Release|Any CPU
	EndGlobalSection
	GlobalSection(SolutionProperties) = preSolution
		HideSolutionNode = FALSE
	EndGlobalSection
	GlobalSection(ExtensibilityGlobals) = postSolution
		SolutionGuid = {7D0D3D84-FCDC-4F1C-A1D2-6DE5065F5879}
	EndGlobalSection
EndGlobal
